
Microsoft Visual Studio Solution File, Format Version 12.00
# Visual Studio Version 17
VisualStudioVersion = 17.0.31903.59
MinimumVisualStudioVersion = 10.0.40219.1
Project("{FAE04EC0-301F-11D3-BF4B-00C04F79EFBC}") = "SynapseCodeChallenge", "SynapseCodeChallenge\SynapseCodeChallenge.csproj", "{335CB378-AC57-4D3C-9B85-9EB5AC71B37E}"
EndProject
Project("{FAE04EC0-301F-11D3-BF4B-00C04F79EFBC}") = "SynapseCodeChallengeTests", "SynapseCodeChallengeTests\SynapseCodeChallengeTests.csproj", "{AFF1432D-0A84-4067-9F76-3E968AA56B16}"
EndProject
Global
	GlobalSection(SolutionConfigurationPlatforms) = preSolution
		Debug|Any CPU = Debug|Any CPU
		Release|Any CPU = Release|Any CPU
	EndGlobalSection
	GlobalSection(SolutionProperties) = preSolution
		HideSolutionNode = FALSE
	EndGlobalSection
	GlobalSection(ProjectConfigurationPlatforms) = postSolution
		{335CB378-AC57-4D3C-9B85-9EB5AC71B37E}.Debug|Any CPU.ActiveCfg = Debug|Any CPU
		{335CB378-AC57-4D3C-9B85-9EB5AC71B37E}.Debug|Any CPU.Build.0 = Debug|Any CPU
		{335CB378-AC57-4D3C-9B85-9EB5AC71B37E}.Release|Any CPU.ActiveCfg = Release|Any CPU
		{335CB378-AC57-4D3C-9B85-9EB5AC71B37E}.Release|Any CPU.Build.0 = Release|Any CPU
		{AFF1432D-0A84-4067-9F76-3E968AA56B16}.Debug|Any CPU.ActiveCfg = Debug|Any CPU
		{AFF1432D-0A84-4067-9F76-3E968AA56B16}.Debug|Any CPU.Build.0 = Debug|Any CPU
		{AFF1432D-0A84-4067-9F76-3E968AA56B16}.Release|Any CPU.ActiveCfg = Release|Any CPU
		{AFF1432D-0A84-4067-9F76-3E968AA56B16}.Release|Any CPU.Build.0 = Release|Any CPU
	EndGlobalSection
EndGlobal
